Microsoft Visual Studio Solution File, Format Version 12.00
# Visual Studio Version 17
VisualStudioVersion = 17.5.2.0
MinimumVisualStudioVersion = 10.0.40219.1
Project("{FAE04EC0-301F-11D3-BF4B-00C04F79EFBC}") = "FashiApp", "FashiApp.csproj", "{964E8C79-AFF8-7635-E9CF-FFE083D535D3}"
EndProject
Global
	GlobalSection(SolutionConfigurationPlatforms) = preSolution
		Debug|Any CPU = Debug|Any CPU
		Release|Any CPU = Release|Any CPU
	EndGlobalSection
	GlobalSection(ProjectConfigurationPlatforms) = postSolution
		{964E8C79-AFF8-7635-E9CF-FFE083D535D3}.Debug|Any CPU.ActiveCfg = Debug|Any CPU
		{964E8C79-AFF8-7635-E9CF-FFE083D535D3}.Debug|Any CPU.Build.0 = Debug|Any CPU
		{964E8C79-AFF8-7635-E9CF-FFE083D535D3}.Release|Any CPU.ActiveCfg = Release|Any CPU
		{964E8C79-AFF8-7635-E9CF-FFE083D535D3}.Release|Any CPU.Build.0 = Release|Any CPU
	EndGlobalSection
	GlobalSection(SolutionProperties) = preSolution
		HideSolutionNode = FALSE
	EndGlobalSection
	GlobalSection(ExtensibilityGlobals) = postSolution
		SolutionGuid = {DCE4E34A-90DD-4A9D-8BED-E48725EF4D65}
	EndGlobalSection
EndGlobal
